
Microsoft Visual Studio Solution File, Format Version 12.00
# Visual Studio Version 16
VisualStudioVersion = 16.0.30011.22
MinimumVisualStudioVersion = 10.0.40219.1
Project("{FAE04EC0-301F-11D3-BF4B-00C04F79EFBC}") = "URIS_KP", "URIS_KP.csproj", "{31040AD7-04FD-4212-B888-B847D8C44EF9}"
EndProject
Global
	GlobalSection(SolutionConfigurationPlatforms) = preSolution
		Debug|Any CPU = Debug|Any CPU
		Release|Any CPU = Release|Any CPU
	EndGlobalSection
	GlobalSection(ProjectConfigurationPlatforms) = postSolution
		{31040AD7-04FD-4212-B888-B847D8C44EF9}.Debug|Any CPU.ActiveCfg = Debug|Any CPU
		{31040AD7-04FD-4212-B888-B847D8C44EF9}.Debug|Any CPU.Build.0 = Debug|Any CPU
		{31040AD7-04FD-4212-B888-B847D8C44EF9}.Release|Any CPU.ActiveCfg = Release|Any CPU
		{31040AD7-04FD-4212-B888-B847D8C44EF9}.Release|Any CPU.Build.0 = Release|Any CPU
	EndGlobalSection
	GlobalSection(SolutionProperties) = preSolution
		HideSolutionNode = FALSE
	EndGlobalSection
	GlobalSection(ExtensibilityGlobals) = postSolution
		SolutionGuid = {EE842AD5-CEF8-434D-B698-FD5F7CD5FE2D}
	EndGlobalSection
EndGlobal
